{
  "name": "luceedebug",
  "version": "2.0.12",
  "lockfileVersion": 2,
  "requires": true,
  "packages": {
    "": {
      "name": "luceedebug",
      "version": "2.0.12",
      "license": "ISC",
      "dependencies": {
        "@types/node": "^17.0.0",
        "@types/vscode": "^1.63.1",
        "vscode-debugadapter": "^1.51.0"
      },
      "devDependencies": {
        "esbuild": "^0.14.5",
        "typescript": "^5.9.2"
      },
      "engines": {
        "vscode": "^1.63.0"
      }
    },
    "node_modules/@types/node": {
      "version": "17.0.0",
      "resolved": "https://registry.npmjs.org/@types/node/-/node-17.0.0.tgz",
      "integrity": "sha512-eMhwJXc931Ihh4tkU+Y7GiLzT/y/DBNpNtr4yU9O2w3SYBsr9NaOPhQlLKRmoWtI54uNwuo0IOUFQjVOTZYRvw=="
    },
    "node_modules/@types/vscode": {
      "version": "1.63.1",
      "resolved": "https://registry.npmjs.org/@types/vscode/-/vscode-1.63.1.tgz",
      "integrity": "sha512-Z+ZqjRcnGfHP86dvx/BtSwWyZPKQ/LBdmAVImY82TphyjOw2KgTKcp7Nx92oNwCTsHzlshwexAG/WiY2JuUm3g=="
    },
    "node_modules/esbuild": {
      "version": "0.14.5",
      "resolved": "https://registry.npmjs.org/esbuild/-/esbuild-0.14.5.tgz",
      "integrity": "sha512-ofwgH4ITPXhkMo2AM39oXpSe5KIyWjxicdqYVy+tLa1lMgxzPCKwaepcrSRtYbgTUMXwquxB1C3xQYpUNaPAFA==",
      "dev": true,
      "hasInstallScript": true,
      "bin": {
        "esbuild": "bin/esbuild"
      },
      "optionalDependencies": {
        "esbuild-android-arm64": "0.14.5",
        "esbuild-darwin-64": "0.14.5",
        "esbuild-darwin-arm64": "0.14.5",
        "esbuild-freebsd-64": "0.14.5",
        "esbuild-freebsd-arm64": "0.14.5",
        "esbuild-linux-32": "0.14.5",
        "esbuild-linux-64": "0.14.5",
        "esbuild-linux-arm": "0.14.5",
        "esbuild-linux-arm64": "0.14.5",
        "esbuild-linux-mips64le": "0.14.5",
        "esbuild-linux-ppc64le": "0.14.5",
        "esbuild-netbsd-64": "0.14.5",
        "esbuild-openbsd-64": "0.14.5",
        "esbuild-sunos-64": "0.14.5",
        "esbuild-windows-32": "0.14.5",
        "esbuild-windows-64": "0.14.5",
        "esbuild-windows-arm64": "0.14.5"
      }
    },
    "node_modules/esbuild-android-arm64": {
      "version": "0.14.5",
      "resolved": "https://registry.npmjs.org/esbuild-android-arm64/-/esbuild-android-arm64-0.14.5.tgz",
      "integrity": "sha512-Sl6ysm7OAZZz+X3Mv3tOPhjMuSxNmztgoXH4ZZ3Yhbje5emEY6qiTnv3vBSljDlUl/yGaIjqC44qlj8s8G71xA==",
      "cpu": [
        "arm64"
      ],
      "dev": true,
      "optional": true,
      "os": [
        "android"
      ]
    },
    "node_modules/esbuild-darwin-64": {
      "version": "0.14.5",
      "resolved": "https://registry.npmjs.org/esbuild-darwin-64/-/esbuild-darwin-64-0.14.5.tgz",
      "integrity": "sha512-VHZl23sM9BOZXcLxk1vTYls8TCAY+/3llw9vHKIWAHDHzBBOlVv26ORK8gnStNMqTjCSGSMoq4T5jOZf2WrJPQ==",
      "cpu": [
        "x64"
      ],
      "dev": true,
      "optional": true,
      "os": [
        "darwin"
      ]
    },
    "node_modules/esbuild-darwin-arm64": {
      "version": "0.14.5",
      "resolved": "https://registry.npmjs.org/esbuild-darwin-arm64/-/esbuild-darwin-arm64-0.14.5.tgz",
      "integrity": "sha512-ugPOLgEQPoPLSqAFBajaczt+lcbUZR+V2fby3572h5jf/kFV6UL8LAZ1Ze58hcbKwfvbh4C09kp0PhqPgXKwOg==",
      "cpu": [
        "arm64"
      ],
      "dev": true,
      "optional": true,
      "os": [
        "darwin"
      ]
    },
    "node_modules/esbuild-freebsd-64": {
      "version": "0.14.5",
      "resolved": "https://registry.npmjs.org/esbuild-freebsd-64/-/esbuild-freebsd-64-0.14.5.tgz",
      "integrity": "sha512-uP0yOixSHF505o/Kzq9e4bvZblCZp9GGx+a7enLOVSuvIvLmtj2yhZLRPGfbVNkPJXktTKNRAnNGkXHl53M6sw==",
      "cpu": [
        "x64"
      ],
      "dev": true,
      "optional": true,
      "os": [
        "freebsd"
      ]
    },
    "node_modules/esbuild-freebsd-arm64": {
      "version": "0.14.5",
      "resolved": "https://registry.npmjs.org/esbuild-freebsd-arm64/-/esbuild-freebsd-arm64-0.14.5.tgz",
      "integrity": "sha512-M99NPu8hlirFo6Fgx0WfX6XxUFdGclUNv3MyyfDtTdNYbccMESwLSACGpE7HvJKWscdjaqajeMu2an9adGNfCw==",
      "cpu": [
        "arm64"
      ],
      "dev": true,
      "optional": true,
      "os": [
        "freebsd"
      ]
    },
    "node_modules/esbuild-linux-32": {
      "version": "0.14.5",
      "resolved": "https://registry.npmjs.org/esbuild-linux-32/-/esbuild-linux-32-0.14.5.tgz",
      "integrity": "sha512-hfqln4yb/jf/vPvI/A6aCvpIzqF3PdDmrKiikTohEUuRtvEZz234krtNwEAw5ssCue4NX8BJqrMpCTAHOl3LQw==",
      "cpu": [
        "ia32"
      ],
      "dev": true,
      "optional": true,
      "os": [
        "linux"
      ]
    },
    "node_modules/esbuild-linux-64": {
      "version": "0.14.5",
      "resolved": "https://registry.npmjs.org/esbuild-linux-64/-/esbuild-linux-64-0.14.5.tgz",
      "integrity": "sha512-T+OuYPlhytjj5DsvjUXizNjbV+/IrZiaDc9SNUfqiUOXHu0URFqchjhPVbBiBnWykCMJFB6pqNap2Oxth4iuYw==",
      "cpu": [
        "x64"
      ],
      "dev": true,
      "optional": true,
      "os": [
        "linux"
      ]
    },
    "node_modules/esbuild-linux-arm": {
      "version": "0.14.5",
      "resolved": "https://registry.npmjs.org/esbuild-linux-arm/-/esbuild-linux-arm-0.14.5.tgz",
      "integrity": "sha512-5b10jKJ3lU4BUchOw9TgRResu8UZJf8qVjAzV5muHedonCfBzClGTT4KCNuOcLTJomH3wz6gNVJt1AxMglXnJg==",
      "cpu": [
        "arm"
      ],
      "dev": true,
      "optional": true,
      "os": [
        "linux"
      ]
    },
    "node_modules/esbuild-linux-arm64": {
      "version": "0.14.5",
      "resolved": "https://registry.npmjs.org/esbuild-linux-arm64/-/esbuild-linux-arm64-0.14.5.tgz",
      "integrity": "sha512-ANOzoaH4kfbhEZT0EGY9g1tsZhDA+I0FRwBsj7D8pCU900pXF/l8YAOy5jWFQIb3vjG5+orFc5SqSzAKCisvTQ==",
      "cpu": [
        "arm64"
      ],
      "dev": true,
      "optional": true,
      "os": [
        "linux"
      ]
    },
    "node_modules/esbuild-linux-mips64le": {
      "version": "0.14.5",
      "resolved": "https://registry.npmjs.org/esbuild-linux-mips64le/-/esbuild-linux-mips64le-0.14.5.tgz",
      "integrity": "sha512-sSmGfOUNNB2Nd3tzp1RHSxiJmM5/RUIEP5aAtH+PpOP7FPp15Jcfwq7UNBJ82KLN3SJcwhUeEfcCaUFBzbTKxg==",
      "cpu": [
        "mips64el"
      ],
      "dev": true,
      "optional": true,
      "os": [
        "linux"
      ]
    },
    "node_modules/esbuild-linux-ppc64le": {
      "version": "0.14.5",
      "resolved": "https://registry.npmjs.org/esbuild-linux-ppc64le/-/esbuild-linux-ppc64le-0.14.5.tgz",
      "integrity": "sha512-usfQrVVIQcpuc/U2NWc7/Ry+m622v+PjJ5eErNPdjWBPlcvD6kXaBTv94uQkVzZOHX3uYqprRrOjseed9ApSYA==",
      "cpu": [
        "ppc64"
      ],
      "dev": true,
      "optional": true,
      "os": [
        "linux"
      ]
    },
    "node_modules/esbuild-netbsd-64": {
      "version": "0.14.5",
      "resolved": "https://registry.npmjs.org/esbuild-netbsd-64/-/esbuild-netbsd-64-0.14.5.tgz",
      "integrity": "sha512-Q5KpvPZcPnNEaTjrvuWqvEnlhI2jyi1wWwYunlEUAhx60spQOTy10sdYOA+s1M+LPb6kwvasrZZDmYyQlcVZeA==",
      "cpu": [
        "x64"
      ],
      "dev": true,
      "optional": true,
      "os": [
        "netbsd"
      ]
    },
    "node_modules/esbuild-openbsd-64": {
      "version": "0.14.5",
      "resolved": "https://registry.npmjs.org/esbuild-openbsd-64/-/esbuild-openbsd-64-0.14.5.tgz",
      "integrity": "sha512-RZzRUu1RYKextJgXkHhAsuhLDvm73YP/wogpUG9MaAGvKTxnKAKRuaw2zJfnbz8iBqBQB2no2PmpVBNbqUTQrw==",
      "cpu": [
        "x64"
      ],
      "dev": true,
      "optional": true,
      "os": [
        "openbsd"
      ]
    },
    "node_modules/esbuild-sunos-64": {
      "version": "0.14.5",
      "resolved": "https://registry.npmjs.org/esbuild-sunos-64/-/esbuild-sunos-64-0.14.5.tgz",
      "integrity": "sha512-J2ffKsBBWscQlye+/giEgKsQCppwHHFqqt/sh+ojVF+DZy1ve6RpPGwXGcGF6IaZTAI9+Vk4eHleiQxb+PC9Yw==",
      "cpu": [
        "x64"
      ],
      "dev": true,
      "optional": true,
      "os": [
        "sunos"
      ]
    },
    "node_modules/esbuild-windows-32": {
      "version": "0.14.5",
      "resolved": "https://registry.npmjs.org/esbuild-windows-32/-/esbuild-windows-32-0.14.5.tgz",
      "integrity": "sha512-OTZvuAc1JBnwmeT+hR1+Vmgz6LOD7DggpnwtKMAExruSLxUMl02Z3pyalJ7zKh3gJ/KBRM1JQZLSk4/mFWijeQ==",
      "cpu": [
        "ia32"
      ],
      "dev": true,
      "optional": true,
      "os": [
        "win32"
      ]
    },
    "node_modules/esbuild-windows-64": {
      "version": "0.14.5",
      "resolved": "https://registry.npmjs.org/esbuild-windows-64/-/esbuild-windows-64-0.14.5.tgz",
      "integrity": "sha512-ZM9rlBDsPEeMVJ1wcpNMXUad9VzYOFeOBUXBi+16HZTvFPy2DkcC2ZWcrByP3IESToD5lvHdjSX/w8rxphjqig==",
      "cpu": [
        "x64"
      ],
      "dev": true,
      "optional": true,
      "os": [
        "win32"
      ]
    },
    "node_modules/esbuild-windows-arm64": {
      "version": "0.14.5",
      "resolved": "https://registry.npmjs.org/esbuild-windows-arm64/-/esbuild-windows-arm64-0.14.5.tgz",
      "integrity": "sha512-iK41mKG2LG0AKHE+9g/jDYU5ZQpJObt1uIPSGTiiiJKI5qbHdEck6Gaqq2tmBI933F2zB9yqZIX7IAdxwN/q4A==",
      "cpu": [
        "arm64"
      ],
      "dev": true,
      "optional": true,
      "os": [
        "win32"
      ]
    },
    "node_modules/mkdirp": {
      "version": "1.0.4",
      "resolved": "https://registry.npmjs.org/mkdirp/-/mkdirp-1.0.4.tgz",
      "integrity": "sha512-vVqVZQyf3WLx2Shd0qJ9xuvqgAyKPLAiqITEtqW0oIUjzo3PePDd6fW9iFz30ef7Ysp/oiWqbhszeGWW2T6Gzw==",
      "bin": {
        "mkdirp": "bin/cmd.js"
      },
      "engines": {
        "node": ">=10"
      }
    },
    "node_modules/typescript": {
      "version": "5.9.2",
      "resolved": "https://registry.npmjs.org/typescript/-/typescript-5.9.2.tgz",
      "integrity": "sha512-CWBzXQrc/qOkhidw1OzBTQuYRbfyxDXJMVJ1XNwUHGROVmuaeiEm3OslpZ1RV96d7SKKjZKrSJu3+t/xlw3R9A==",
      "dev": true,
      "license": "Apache-2.0",
      "bin": {
        "tsc": "bin/tsc",
        "tsserver": "bin/tsserver"
      },
      "engines": {
        "node": ">=14.17"
      }
    },
    "node_modules/vscode-debugadapter": {
      "version": "1.51.0",
      "resolved": "https://registry.npmjs.org/vscode-debugadapter/-/vscode-debugadapter-1.51.0.tgz",
      "integrity": "sha512-mObaXD5/FH/z6aL2GDuyCLbnwLsYRCAJWgFid01vKW9Y5Si8OvINK+Tn+Yl/lRUbetjNuZW3j1euMEz6z8Yzqg==",
      "deprecated": "This package has been renamed to @vscode/debugadapter, please update to the new name",
      "dependencies": {
        "mkdirp": "^1.0.4",
        "vscode-debugprotocol": "1.51.0"
      }
    },
    "node_modules/vscode-debugprotocol": {
      "version": "1.51.0",
      "resolved": "https://registry.npmjs.org/vscode-debugprotocol/-/vscode-debugprotocol-1.51.0.tgz",
      "integrity": "sha512-dzKWTMMyebIMPF1VYMuuQj7gGFq7guR8AFya0mKacu+ayptJfaRuM0mdHCqiOth4FnRP8mPhEroFPx6Ift8wHA==",
      "deprecated": "This package has been renamed to @vscode/debugprotocol, please update to the new name"
    }
  },
  "dependencies": {
    "@types/node": {
      "version": "17.0.0",
      "resolved": "https://registry.npmjs.org/@types/node/-/node-17.0.0.tgz",
      "integrity": "sha512-eMhwJXc931Ihh4tkU+Y7GiLzT/y/DBNpNtr4yU9O2w3SYBsr9NaOPhQlLKRmoWtI54uNwuo0IOUFQjVOTZYRvw=="
    },
    "@types/vscode": {
      "version": "1.63.1",
      "resolved": "https://registry.npmjs.org/@types/vscode/-/vscode-1.63.1.tgz",
      "integrity": "sha512-Z+ZqjRcnGfHP86dvx/BtSwWyZPKQ/LBdmAVImY82TphyjOw2KgTKcp7Nx92oNwCTsHzlshwexAG/WiY2JuUm3g=="
    },
    "esbuild": {
      "version": "0.14.5",
      "resolved": "https://registry.npmjs.org/esbuild/-/esbuild-0.14.5.tgz",
      "integrity": "sha512-ofwgH4ITPXhkMo2AM39oXpSe5KIyWjxicdqYVy+tLa1lMgxzPCKwaepcrSRtYbgTUMXwquxB1C3xQYpUNaPAFA==",
      "dev": true,
      "requires": {
        "esbuild-android-arm64": "0.14.5",
        "esbuild-darwin-64": "0.14.5",
        "esbuild-darwin-arm64": "0.14.5",
        "esbuild-freebsd-64": "0.14.5",
        "esbuild-freebsd-arm64": "0.14.5",
        "esbuild-linux-32": "0.14.5",
        "esbuild-linux-64": "0.14.5",
        "esbuild-linux-arm": "0.14.5",
        "esbuild-linux-arm64": "0.14.5",
        "esbuild-linux-mips64le": "0.14.5",
        "esbuild-linux-ppc64le": "0.14.5",
        "esbuild-netbsd-64": "0.14.5",
        "esbuild-openbsd-64": "0.14.5",
        "esbuild-sunos-64": "0.14.5",
        "esbuild-windows-32": "0.14.5",
        "esbuild-windows-64": "0.14.5",
        "esbuild-windows-arm64": "0.14.5"
      }
    },
    "esbuild-android-arm64": {
      "version": "0.14.5",
      "resolved": "https://registry.npmjs.org/esbuild-android-arm64/-/esbuild-android-arm64-0.14.5.tgz",
      "integrity": "sha512-Sl6ysm7OAZZz+X3Mv3tOPhjMuSxNmztgoXH4ZZ3Yhbje5emEY6qiTnv3vBSljDlUl/yGaIjqC44qlj8s8G71xA==",
      "dev": true,
      "optional": true
    },
    "esbuild-darwin-64": {
      "version": "0.14.5",
      "resolved": "https://registry.npmjs.org/esbuild-darwin-64/-/esbuild-darwin-64-0.14.5.tgz",
      "integrity": "sha512-VHZl23sM9BOZXcLxk1vTYls8TCAY+/3llw9vHKIWAHDHzBBOlVv26ORK8gnStNMqTjCSGSMoq4T5jOZf2WrJPQ==",
      "dev": true,
      "optional": true
    },
    "esbuild-darwin-arm64": {
      "version": "0.14.5",
      "resolved": "https://registry.npmjs.org/esbuild-darwin-arm64/-/esbuild-darwin-arm64-0.14.5.tgz",
      "integrity": "sha512-ugPOLgEQPoPLSqAFBajaczt+lcbUZR+V2fby3572h5jf/kFV6UL8LAZ1Ze58hcbKwfvbh4C09kp0PhqPgXKwOg==",
      "dev": true,
      "optional": true
    },
    "esbuild-freebsd-64": {
      "version": "0.14.5",
      "resolved": "https://registry.npmjs.org/esbuild-freebsd-64/-/esbuild-freebsd-64-0.14.5.tgz",
      "integrity": "sha512-uP0yOixSHF505o/Kzq9e4bvZblCZp9GGx+a7enLOVSuvIvLmtj2yhZLRPGfbVNkPJXktTKNRAnNGkXHl53M6sw==",
      "dev": true,
      "optional": true
    },
    "esbuild-freebsd-arm64": {
      "version": "0.14.5",
      "resolved": "https://registry.npmjs.org/esbuild-freebsd-arm64/-/esbuild-freebsd-arm64-0.14.5.tgz",
      "integrity": "sha512-M99NPu8hlirFo6Fgx0WfX6XxUFdGclUNv3MyyfDtTdNYbccMESwLSACGpE7HvJKWscdjaqajeMu2an9adGNfCw==",
      "dev": true,
      "optional": true
    },
    "esbuild-linux-32": {
      "version": "0.14.5",
      "resolved": "https://registry.npmjs.org/esbuild-linux-32/-/esbuild-linux-32-0.14.5.tgz",
      "integrity": "sha512-hfqln4yb/jf/vPvI/A6aCvpIzqF3PdDmrKiikTohEUuRtvEZz234krtNwEAw5ssCue4NX8BJqrMpCTAHOl3LQw==",
      "dev": true,
      "optional": true
    },
    "esbuild-linux-64": {
      "version": "0.14.5",
      "resolved": "https://registry.npmjs.org/esbuild-linux-64/-/esbuild-linux-64-0.14.5.tgz",
      "integrity": "sha512-T+OuYPlhytjj5DsvjUXizNjbV+/IrZiaDc9SNUfqiUOXHu0URFqchjhPVbBiBnWykCMJFB6pqNap2Oxth4iuYw==",
      "dev": true,
      "optional": true
    },
    "esbuild-linux-arm": {
      "version": "0.14.5",
      "resolved": "https://registry.npmjs.org/esbuild-linux-arm/-/esbuild-linux-arm-0.14.5.tgz",
      "integrity": "sha512-5b10jKJ3lU4BUchOw9TgRResu8UZJf8qVjAzV5muHedonCfBzClGTT4KCNuOcLTJomH3wz6gNVJt1AxMglXnJg==",
      "dev": true,
      "optional": true
    },
    "esbuild-linux-arm64": {
      "version": "0.14.5",
      "resolved": "https://registry.npmjs.org/esbuild-linux-arm64/-/esbuild-linux-arm64-0.14.5.tgz",
      "integrity": "sha512-ANOzoaH4kfbhEZT0EGY9g1tsZhDA+I0FRwBsj7D8pCU900pXF/l8YAOy5jWFQIb3vjG5+orFc5SqSzAKCisvTQ==",
      "dev": true,
      "optional": true
    },
    "esbuild-linux-mips64le": {
      "version": "0.14.5",
      "resolved": "https://registry.npmjs.org/esbuild-linux-mips64le/-/esbuild-linux-mips64le-0.14.5.tgz",
      "integrity": "sha512-sSmGfOUNNB2Nd3tzp1RHSxiJmM5/RUIEP5aAtH+PpOP7FPp15Jcfwq7UNBJ82KLN3SJcwhUeEfcCaUFBzbTKxg==",
      "dev": true,
      "optional": true
    },
    "esbuild-linux-ppc64le": {
      "version": "0.14.5",
      "resolved": "https://registry.npmjs.org/esbuild-linux-ppc64le/-/esbuild-linux-ppc64le-0.14.5.tgz",
      "integrity": "sha512-usfQrVVIQcpuc/U2NWc7/Ry+m622v+PjJ5eErNPdjWBPlcvD6kXaBTv94uQkVzZOHX3uYqprRrOjseed9ApSYA==",
      "dev": true,
      "optional": true
    },
    "esbuild-netbsd-64": {
      "version": "0.14.5",
      "resolved": "https://registry.npmjs.org/esbuild-netbsd-64/-/esbuild-netbsd-64-0.14.5.tgz",
      "integrity": "sha512-Q5KpvPZcPnNEaTjrvuWqvEnlhI2jyi1wWwYunlEUAhx60spQOTy10sdYOA+s1M+LPb6kwvasrZZDmYyQlcVZeA==",
      "dev": true,
      "optional": true
    },
    "esbuild-openbsd-64": {
      "version": "0.14.5",
      "resolved": "https://registry.npmjs.org/esbuild-openbsd-64/-/esbuild-openbsd-64-0.14.5.tgz",
      "integrity": "sha512-RZzRUu1RYKextJgXkHhAsuhLDvm73YP/wogpUG9MaAGvKTxnKAKRuaw2zJfnbz8iBqBQB2no2PmpVBNbqUTQrw==",
      "dev": true,
      "optional": true
    },
    "esbuild-sunos-64": {
      "version": "0.14.5",
      "resolved": "https://registry.npmjs.org/esbuild-sunos-64/-/esbuild-sunos-64-0.14.5.tgz",
      "integrity": "sha512-J2ffKsBBWscQlye+/giEgKsQCppwHHFqqt/sh+ojVF+DZy1ve6RpPGwXGcGF6IaZTAI9+Vk4eHleiQxb+PC9Yw==",
      "dev": true,
      "optional": true
    },
    "esbuild-windows-32": {
      "version": "0.14.5",
      "resolved": "https://registry.npmjs.org/esbuild-windows-32/-/esbuild-windows-32-0.14.5.tgz",
      "integrity": "sha512-OTZvuAc1JBnwmeT+hR1+Vmgz6LOD7DggpnwtKMAExruSLxUMl02Z3pyalJ7zKh3gJ/KBRM1JQZLSk4/mFWijeQ==",
      "dev": true,
      "optional": true
    },
    "esbuild-windows-64": {
      "version": "0.14.5",
      "resolved": "https://registry.npmjs.org/esbuild-windows-64/-/esbuild-windows-64-0.14.5.tgz",
      "integrity": "sha512-ZM9rlBDsPEeMVJ1wcpNMXUad9VzYOFeOBUXBi+16HZTvFPy2DkcC2ZWcrByP3IESToD5lvHdjSX/w8rxphjqig==",
      "dev": true,
      "optional": true
    },
    "esbuild-windows-arm64": {
      "version": "0.14.5",
      "resolved": "https://registry.npmjs.org/esbuild-windows-arm64/-/esbuild-windows-arm64-0.14.5.tgz",
      "integrity": "sha512-iK41mKG2LG0AKHE+9g/jDYU5ZQpJObt1uIPSGTiiiJKI5qbHdEck6Gaqq2tmBI933F2zB9yqZIX7IAdxwN/q4A==",
      "dev": true,
      "optional": true
    },
    "mkdirp": {
      "version": "1.0.4",
      "resolved": "https://registry.npmjs.org/mkdirp/-/mkdirp-1.0.4.tgz",
      "integrity": "sha512-vVqVZQyf3WLx2Shd0qJ9xuvqgAyKPLAiqITEtqW0oIUjzo3PePDd6fW9iFz30ef7Ysp/oiWqbhszeGWW2T6Gzw=="
    },
    "typescript": {
      "version": "5.9.2",
      "resolved": "https://registry.npmjs.org/typescript/-/typescript-5.9.2.tgz",
      "integrity": "sha512-CWBzXQrc/qOkhidw1OzBTQuYRbfyxDXJMVJ1XNwUHGROVmuaeiEm3OslpZ1RV96d7SKKjZKrSJu3+t/xlw3R9A==",
      "dev": true
    },
    "vscode-debugadapter": {
      "version": "1.51.0",
      "resolved": "https://registry.npmjs.org/vscode-debugadapter/-/vscode-debugadapter-1.51.0.tgz",
      "integrity": "sha512-mObaXD5/FH/z6aL2GDuyCLbnwLsYRCAJWgFid01vKW9Y5Si8OvINK+Tn+Yl/lRUbetjNuZW3j1euMEz6z8Yzqg==",
      "requires": {
        "mkdirp": "^1.0.4",
        "vscode-debugprotocol": "1.51.0"
      }
    },
    "vscode-debugprotocol": {
      "version": "1.51.0",
      "resolved": "https://registry.npmjs.org/vscode-debugprotocol/-/vscode-debugprotocol-1.51.0.tgz",
      "integrity": "sha512-dzKWTMMyebIMPF1VYMuuQj7gGFq7guR8AFya0mKacu+ayptJfaRuM0mdHCqiOth4FnRP8mPhEroFPx6Ift8wHA=="
    }
  }
}
